
Microsoft Visual Studio Solution File, Format Version 12.00
# Visual Studio 2013
VisualStudioVersion = 12.0.31101.0
MinimumVisualStudioVersion = 10.0.40219.1
Project("{FAE04EC0-301F-11D3-BF4B-00C04F79EFBC}") = "MultithreadingExample", "MultithreadingExample\MultithreadingExample.csproj", "{C4A54862-88B7-4910-AA70-6CA76A700BD5}"
EndProject
Project("{FAE04EC0-301F-11D3-BF4B-00C04F79EFBC}") = "MultithreadingExample.Tests", "MultithreadingExample.Tests\MultithreadingExample.Tests.csproj", "{53F755CA-8EF9-4DFF-B1EF-94E87B363979}"
EndProject
Global
	GlobalSection(SolutionConfigurationPlatforms) = preSolution
		Debug|Any CPU = Debug|Any CPU
		Release|Any CPU = Release|Any CPU
	EndGlobalSection
	GlobalSection(ProjectConfigurationPlatforms) = postSolution
		{C4A54862-88B7-4910-AA70-6CA76A700BD5}.Debug|Any CPU.ActiveCfg = Debug|Any CPU
		{C4A54862-88B7-4910-AA70-6CA76A700BD5}.Debug|Any CPU.Build.0 = Debug|Any CPU
		{C4A54862-88B7-4910-AA70-6CA76A700BD5}.Release|Any CPU.ActiveCfg = Release|Any CPU
		{C4A54862-88B7-4910-AA70-6CA76A700BD5}.Release|Any CPU.Build.0 = Release|Any CPU
		{53F755CA-8EF9-4DFF-B1EF-94E87B363979}.Debug|Any CPU.ActiveCfg = Debug|Any CPU
		{53F755CA-8EF9-4DFF-B1EF-94E87B363979}.Debug|Any CPU.Build.0 = Debug|Any CPU
		{53F755CA-8EF9-4DFF-B1EF-94E87B363979}.Release|Any CPU.ActiveCfg = Release|Any CPU
		{53F755CA-8EF9-4DFF-B1EF-94E87B363979}.Release|Any CPU.Build.0 = Release|Any CPU
	EndGlobalSection
	GlobalSection(SolutionProperties) = preSolution
		HideSolutionNode = FALSE
	EndGlobalSection
EndGlobal
